[[package]]
name = "termcolor"
version = "2.2.0"
description = "ANSI color formatting for output in terminal"
category = "main"
optional = false
python-versions = ">=3.7"

[package.extras]
tests = ["pytest", "pytest-cov"]

[metadata]
lock-version = "1.1"
python-versions = "^3.8"
content-hash = "685a3803449265dbdba5d4d06652b1828edc0863369a1f45267143f5b4ebb19e"

[metadata.files]
termcolor = []
